
Microsoft Visual Studio Solution File, Format Version 12.00
# Visual Studio Version 17
VisualStudioVersion = 17.14.36310.24 d17.14
MinimumVisualStudioVersion = 10.0.40219.1
Project("{FAE04EC0-301F-11D3-BF4B-00C04F79EFBC}") = "Aplicacao5", "Aplicacao5\Aplicacao5.csproj", "{DD9AB4F4-D582-41CC-B52E-E261176ACEDF}"
EndProject
Global
	GlobalSection(SolutionConfigurationPlatforms) = preSolution
		Debug|Any CPU = Debug|Any CPU
		Release|Any CPU = Release|Any CPU
	EndGlobalSection
	GlobalSection(ProjectConfigurationPlatforms) = postSolution
		{DD9AB4F4-D582-41CC-B52E-E261176ACEDF}.Debug|Any CPU.ActiveCfg = Debug|Any CPU
		{DD9AB4F4-D582-41CC-B52E-E261176ACEDF}.Debug|Any CPU.Build.0 = Debug|Any CPU
		{DD9AB4F4-D582-41CC-B52E-E261176ACEDF}.Release|Any CPU.ActiveCfg = Release|Any CPU
		{DD9AB4F4-D582-41CC-B52E-E261176ACEDF}.Release|Any CPU.Build.0 = Release|Any CPU
	EndGlobalSection
	GlobalSection(SolutionProperties) = preSolution
		HideSolutionNode = FALSE
	EndGlobalSection
	GlobalSection(ExtensibilityGlobals) = postSolution
		SolutionGuid = {59A1C000-E3CD-4AAA-9FE6-8131F50148C4}
	EndGlobalSection
EndGlobal
